
Microsoft Visual Studio Solution File, Format Version 12.00
# Visual Studio 15
VisualStudioVersion = 15.0.28307.1209
MinimumVisualStudioVersion = 10.0.40219.1
Project("{FAE04EC0-301F-11D3-BF4B-00C04F79EFBC}") = "lab7", "lab7\lab7.csproj", "{18C63151-C792-41DB-A8B1-454A8C50E337}"
EndProject
Global
	GlobalSection(SolutionConfigurationPlatforms) = preSolution
		Debug|Any CPU = Debug|Any CPU
		Release|Any CPU = Release|Any CPU
	EndGlobalSection
	GlobalSection(ProjectConfigurationPlatforms) = postSolution
		{18C63151-C792-41DB-A8B1-454A8C50E337}.Debug|Any CPU.ActiveCfg = Debug|Any CPU
		{18C63151-C792-41DB-A8B1-454A8C50E337}.Debug|Any CPU.Build.0 = Debug|Any CPU
		{18C63151-C792-41DB-A8B1-454A8C50E337}.Release|Any CPU.ActiveCfg = Release|Any CPU
		{18C63151-C792-41DB-A8B1-454A8C50E337}.Release|Any CPU.Build.0 = Release|Any CPU
	EndGlobalSection
	GlobalSection(SolutionProperties) = preSolution
		HideSolutionNode = FALSE
	EndGlobalSection
	GlobalSection(ExtensibilityGlobals) = postSolution
		SolutionGuid = {7CF09650-D3AA-4CAF-AA1B-21EA0BB248CA}
	EndGlobalSection
EndGlobal
